
Microsoft Visual Studio Solution File, Format Version 12.00
# Visual Studio Version 16
VisualStudioVersion = 16.0.31624.102
MinimumVisualStudioVersion = 10.0.40219.1
Project("{FAE04EC0-301F-11D3-BF4B-00C04F79EFBC}") = "Tombok", "Tombok\Tombok.csproj", "{8FFEC5D5-F5BA-4A50-A9CF-3C5261C2224C}"
EndProject
Global
	GlobalSection(SolutionConfigurationPlatforms) = preSolution
		Debug|Any CPU = Debug|Any CPU
		Release|Any CPU = Release|Any CPU
	EndGlobalSection
	GlobalSection(ProjectConfigurationPlatforms) = postSolution
		{8FFEC5D5-F5BA-4A50-A9CF-3C5261C2224C}.Debug|Any CPU.ActiveCfg = Debug|Any CPU
		{8FFEC5D5-F5BA-4A50-A9CF-3C5261C2224C}.Debug|Any CPU.Build.0 = Debug|Any CPU
		{8FFEC5D5-F5BA-4A50-A9CF-3C5261C2224C}.Release|Any CPU.ActiveCfg = Release|Any CPU
		{8FFEC5D5-F5BA-4A50-A9CF-3C5261C2224C}.Release|Any CPU.Build.0 = Release|Any CPU
	EndGlobalSection
	GlobalSection(SolutionProperties) = preSolution
		HideSolutionNode = FALSE
	EndGlobalSection
	GlobalSection(ExtensibilityGlobals) = postSolution
		SolutionGuid = {AC78A7A6-7D2B-4BEC-83C6-50986C57A94D}
	EndGlobalSection
EndGlobal
