
Microsoft Visual Studio Solution File, Format Version 12.00
# Visual Studio Version 16
VisualStudioVersion = 16.0.31624.102
MinimumVisualStudioVersion = 10.0.40219.1
Project("{FAE04EC0-301F-11D3-BF4B-00C04F79EFBC}") = "MysqlKutyak", "MysqlKutyak\MysqlKutyak.csproj", "{DFB08A30-05DB-48AA-88A7-1F0ECC875006}"
EndProject
Global
	GlobalSection(SolutionConfigurationPlatforms) = preSolution
		Debug|Any CPU = Debug|Any CPU
		Release|Any CPU = Release|Any CPU
	EndGlobalSection
	GlobalSection(ProjectConfigurationPlatforms) = postSolution
		{DFB08A30-05DB-48AA-88A7-1F0ECC875006}.Debug|Any CPU.ActiveCfg = Debug|Any CPU
		{DFB08A30-05DB-48AA-88A7-1F0ECC875006}.Debug|Any CPU.Build.0 = Debug|Any CPU
		{DFB08A30-05DB-48AA-88A7-1F0ECC875006}.Release|Any CPU.ActiveCfg = Release|Any CPU
		{DFB08A30-05DB-48AA-88A7-1F0ECC875006}.Release|Any CPU.Build.0 = Release|Any CPU
	EndGlobalSection
	GlobalSection(SolutionProperties) = preSolution
		HideSolutionNode = FALSE
	EndGlobalSection
	GlobalSection(ExtensibilityGlobals) = postSolution
		SolutionGuid = {0A763C68-635D-4FAE-B7BF-F02D5B864E36}
	EndGlobalSection
EndGlobal
