
Microsoft Visual Studio Solution File, Format Version 12.00
# Visual Studio Version 16
VisualStudioVersion = 16.0.31624.102
MinimumVisualStudioVersion = 10.0.40219.1
Project("{FAE04EC0-301F-11D3-BF4B-00C04F79EFBC}") = "Wpfinternet", "Wpfinternet\Wpfinternet.csproj", "{C0129EFA-5390-47C4-B498-D2F5E24D811D}"
EndProject
Global
	GlobalSection(SolutionConfigurationPlatforms) = preSolution
		Debug|Any CPU = Debug|Any CPU
		Release|Any CPU = Release|Any CPU
	EndGlobalSection
	GlobalSection(ProjectConfigurationPlatforms) = postSolution
		{C0129EFA-5390-47C4-B498-D2F5E24D811D}.Debug|Any CPU.ActiveCfg = Debug|Any CPU
		{C0129EFA-5390-47C4-B498-D2F5E24D811D}.Debug|Any CPU.Build.0 = Debug|Any CPU
		{C0129EFA-5390-47C4-B498-D2F5E24D811D}.Release|Any CPU.ActiveCfg = Release|Any CPU
		{C0129EFA-5390-47C4-B498-D2F5E24D811D}.Release|Any CPU.Build.0 = Release|Any CPU
	EndGlobalSection
	GlobalSection(SolutionProperties) = preSolution
		HideSolutionNode = FALSE
	EndGlobalSection
	GlobalSection(ExtensibilityGlobals) = postSolution
		SolutionGuid = {4921943F-05CB-41C3-BE34-C15DC01E3BE1}
	EndGlobalSection
EndGlobal
