
Microsoft Visual Studio Solution File, Format Version 12.00
# Visual Studio Version 16
VisualStudioVersion = 16.0.31624.102
MinimumVisualStudioVersion = 10.0.40219.1
Project("{FAE04EC0-301F-11D3-BF4B-00C04F79EFBC}") = "CiklusokEsTombok", "CiklusokEsTombok\CiklusokEsTombok.csproj", "{F1626B9E-BB55-4D83-A7A9-BAA07804B464}"
EndProject
Project("{FAE04EC0-301F-11D3-BF4B-00C04F79EFBC}") = "Noveles", "Noveles\Noveles.csproj", "{A1BC83C4-A5A9-4F62-AD25-E8C944066B0F}"
EndProject
Project("{FAE04EC0-301F-11D3-BF4B-00C04F79EFBC}") = "Tipusok", "Tipusok\Tipusok.csproj", "{E42711CD-7D34-4B69-B311-8F0572F548D3}"
EndProject
Project("{FAE04EC0-301F-11D3-BF4B-00C04F79EFBC}") = "Tömbös_feladat", "Tömbös_feladat\Tömbös_feladat.csproj", "{4B5E32D6-5A61-44D2-ACED-1A2A7EA12E27}"
EndProject
Global
	GlobalSection(SolutionConfigurationPlatforms) = preSolution
		Debug|Any CPU = Debug|Any CPU
		Release|Any CPU = Release|Any CPU
	EndGlobalSection
	GlobalSection(ProjectConfigurationPlatforms) = postSolution
		{F1626B9E-BB55-4D83-A7A9-BAA07804B464}.Debug|Any CPU.ActiveCfg = Debug|Any CPU
		{F1626B9E-BB55-4D83-A7A9-BAA07804B464}.Debug|Any CPU.Build.0 = Debug|Any CPU
		{F1626B9E-BB55-4D83-A7A9-BAA07804B464}.Release|Any CPU.ActiveCfg = Release|Any CPU
		{F1626B9E-BB55-4D83-A7A9-BAA07804B464}.Release|Any CPU.Build.0 = Release|Any CPU
		{A1BC83C4-A5A9-4F62-AD25-E8C944066B0F}.Debug|Any CPU.ActiveCfg = Debug|Any CPU
		{A1BC83C4-A5A9-4F62-AD25-E8C944066B0F}.Debug|Any CPU.Build.0 = Debug|Any CPU
		{A1BC83C4-A5A9-4F62-AD25-E8C944066B0F}.Release|Any CPU.ActiveCfg = Release|Any CPU
		{A1BC83C4-A5A9-4F62-AD25-E8C944066B0F}.Release|Any CPU.Build.0 = Release|Any CPU
		{E42711CD-7D34-4B69-B311-8F0572F548D3}.Debug|Any CPU.ActiveCfg = Debug|Any CPU
		{E42711CD-7D34-4B69-B311-8F0572F548D3}.Debug|Any CPU.Build.0 = Debug|Any CPU
		{E42711CD-7D34-4B69-B311-8F0572F548D3}.Release|Any CPU.ActiveCfg = Release|Any CPU
		{E42711CD-7D34-4B69-B311-8F0572F548D3}.Release|Any CPU.Build.0 = Release|Any CPU
		{4B5E32D6-5A61-44D2-ACED-1A2A7EA12E27}.Debug|Any CPU.ActiveCfg = Debug|Any CPU
		{4B5E32D6-5A61-44D2-ACED-1A2A7EA12E27}.Debug|Any CPU.Build.0 = Debug|Any CPU
		{4B5E32D6-5A61-44D2-ACED-1A2A7EA12E27}.Release|Any CPU.ActiveCfg = Release|Any CPU
		{4B5E32D6-5A61-44D2-ACED-1A2A7EA12E27}.Release|Any CPU.Build.0 = Release|Any CPU
	EndGlobalSection
	GlobalSection(SolutionProperties) = preSolution
		HideSolutionNode = FALSE
	EndGlobalSection
	GlobalSection(ExtensibilityGlobals) = postSolution
		SolutionGuid = {0FE14EF2-9799-4D56-B972-772FC4132894}
	EndGlobalSection
EndGlobal
