
Microsoft Visual Studio Solution File, Format Version 12.00
# Visual Studio Version 16
VisualStudioVersion = 16.0.31624.102
MinimumVisualStudioVersion = 10.0.40219.1
Project("{FAE04EC0-301F-11D3-BF4B-00C04F79EFBC}") = "WpfMagyarVarosok", "WpfMagyarVarosok\WpfMagyarVarosok.csproj", "{A6DE80F5-3225-4EEA-813E-72DA68FFA32C}"
EndProject
Global
	GlobalSection(SolutionConfigurationPlatforms) = preSolution
		Debug|Any CPU = Debug|Any CPU
		Release|Any CPU = Release|Any CPU
	EndGlobalSection
	GlobalSection(ProjectConfigurationPlatforms) = postSolution
		{A6DE80F5-3225-4EEA-813E-72DA68FFA32C}.Debug|Any CPU.ActiveCfg = Debug|Any CPU
		{A6DE80F5-3225-4EEA-813E-72DA68FFA32C}.Debug|Any CPU.Build.0 = Debug|Any CPU
		{A6DE80F5-3225-4EEA-813E-72DA68FFA32C}.Release|Any CPU.ActiveCfg = Release|Any CPU
		{A6DE80F5-3225-4EEA-813E-72DA68FFA32C}.Release|Any CPU.Build.0 = Release|Any CPU
	EndGlobalSection
	GlobalSection(SolutionProperties) = preSolution
		HideSolutionNode = FALSE
	EndGlobalSection
	GlobalSection(ExtensibilityGlobals) = postSolution
		SolutionGuid = {6B39F399-C1C0-4C94-8696-7D8D6EB33A30}
	EndGlobalSection
EndGlobal
