
Microsoft Visual Studio Solution File, Format Version 12.00
# Visual Studio Version 16
VisualStudioVersion = 16.0.31624.102
MinimumVisualStudioVersion = 10.0.40219.1
Project("{FAE04EC0-301F-11D3-BF4B-00C04F79EFBC}") = "Interfesz", "Interfesz\Interfesz.csproj", "{DD77ED04-8D34-439A-AD20-22388CF7E5F5}"
EndProject
Project("{FAE04EC0-301F-11D3-BF4B-00C04F79EFBC}") = "Kivetelek", "Kivetelek\Kivetelek.csproj", "{45D0E226-13B7-49F6-8CF4-C127071864A6}"
EndProject
Global
	GlobalSection(SolutionConfigurationPlatforms) = preSolution
		Debug|Any CPU = Debug|Any CPU
		Release|Any CPU = Release|Any CPU
	EndGlobalSection
	GlobalSection(ProjectConfigurationPlatforms) = postSolution
		{DD77ED04-8D34-439A-AD20-22388CF7E5F5}.Debug|Any CPU.ActiveCfg = Debug|Any CPU
		{DD77ED04-8D34-439A-AD20-22388CF7E5F5}.Debug|Any CPU.Build.0 = Debug|Any CPU
		{DD77ED04-8D34-439A-AD20-22388CF7E5F5}.Release|Any CPU.ActiveCfg = Release|Any CPU
		{DD77ED04-8D34-439A-AD20-22388CF7E5F5}.Release|Any CPU.Build.0 = Release|Any CPU
		{45D0E226-13B7-49F6-8CF4-C127071864A6}.Debug|Any CPU.ActiveCfg = Debug|Any CPU
		{45D0E226-13B7-49F6-8CF4-C127071864A6}.Debug|Any CPU.Build.0 = Debug|Any CPU
		{45D0E226-13B7-49F6-8CF4-C127071864A6}.Release|Any CPU.ActiveCfg = Release|Any CPU
		{45D0E226-13B7-49F6-8CF4-C127071864A6}.Release|Any CPU.Build.0 = Release|Any CPU
	EndGlobalSection
	GlobalSection(SolutionProperties) = preSolution
		HideSolutionNode = FALSE
	EndGlobalSection
	GlobalSection(ExtensibilityGlobals) = postSolution
		SolutionGuid = {FEC9B6B3-DB15-4A71-95FE-C87519F37226}
	EndGlobalSection
EndGlobal
