
Microsoft Visual Studio Solution File, Format Version 12.00
# Visual Studio Version 16
VisualStudioVersion = 16.0.31624.102
MinimumVisualStudioVersion = 10.0.40219.1
Project("{FAE04EC0-301F-11D3-BF4B-00C04F79EFBC}") = "LibraryDemo", "LibraryDemo\LibraryDemo.csproj", "{1E4D00AF-FB99-47EF-9EA8-479E1796E20A}"
EndProject
Project("{FAE04EC0-301F-11D3-BF4B-00C04F79EFBC}") = "CoreApp", "CoreApp\CoreApp.csproj", "{2F24D551-B2C1-43FD-93D7-A8CD269C7FC0}"
EndProject
Global
	GlobalSection(SolutionConfigurationPlatforms) = preSolution
		Debug|Any CPU = Debug|Any CPU
		Release|Any CPU = Release|Any CPU
	EndGlobalSection
	GlobalSection(ProjectConfigurationPlatforms) = postSolution
		{1E4D00AF-FB99-47EF-9EA8-479E1796E20A}.Debug|Any CPU.ActiveCfg = Debug|Any CPU
		{1E4D00AF-FB99-47EF-9EA8-479E1796E20A}.Debug|Any CPU.Build.0 = Debug|Any CPU
		{1E4D00AF-FB99-47EF-9EA8-479E1796E20A}.Release|Any CPU.ActiveCfg = Release|Any CPU
		{1E4D00AF-FB99-47EF-9EA8-479E1796E20A}.Release|Any CPU.Build.0 = Release|Any CPU
		{2F24D551-B2C1-43FD-93D7-A8CD269C7FC0}.Debug|Any CPU.ActiveCfg = Debug|Any CPU
		{2F24D551-B2C1-43FD-93D7-A8CD269C7FC0}.Debug|Any CPU.Build.0 = Debug|Any CPU
		{2F24D551-B2C1-43FD-93D7-A8CD269C7FC0}.Release|Any CPU.ActiveCfg = Release|Any CPU
		{2F24D551-B2C1-43FD-93D7-A8CD269C7FC0}.Release|Any CPU.Build.0 = Release|Any CPU
	EndGlobalSection
	GlobalSection(SolutionProperties) = preSolution
		HideSolutionNode = FALSE
	EndGlobalSection
	GlobalSection(ExtensibilityGlobals) = postSolution
		SolutionGuid = {47A3E1D8-F8FD-4B01-9D9F-CB4BABC00EF5}
	EndGlobalSection
EndGlobal
