
Microsoft Visual Studio Solution File, Format Version 12.00
# Visual Studio Version 16
VisualStudioVersion = 16.0.31624.102
MinimumVisualStudioVersion = 10.0.40219.1
Project("{FAE04EC0-301F-11D3-BF4B-00C04F79EFBC}") = "Tomb2d", "Tomb2d\Tomb2d.csproj", "{FAFA9106-94C7-40AE-A4A5-DFDA2F84EA49}"
EndProject
Project("{FAE04EC0-301F-11D3-BF4B-00C04F79EFBC}") = "LottoGame", "LottoGame\LottoGame.csproj", "{19126169-350A-4844-BE1A-DFFC86052699}"
EndProject
Global
	GlobalSection(SolutionConfigurationPlatforms) = preSolution
		Debug|Any CPU = Debug|Any CPU
		Release|Any CPU = Release|Any CPU
	EndGlobalSection
	GlobalSection(ProjectConfigurationPlatforms) = postSolution
		{FAFA9106-94C7-40AE-A4A5-DFDA2F84EA49}.Debug|Any CPU.ActiveCfg = Debug|Any CPU
		{FAFA9106-94C7-40AE-A4A5-DFDA2F84EA49}.Debug|Any CPU.Build.0 = Debug|Any CPU
		{FAFA9106-94C7-40AE-A4A5-DFDA2F84EA49}.Release|Any CPU.ActiveCfg = Release|Any CPU
		{FAFA9106-94C7-40AE-A4A5-DFDA2F84EA49}.Release|Any CPU.Build.0 = Release|Any CPU
		{19126169-350A-4844-BE1A-DFFC86052699}.Debug|Any CPU.ActiveCfg = Debug|Any CPU
		{19126169-350A-4844-BE1A-DFFC86052699}.Debug|Any CPU.Build.0 = Debug|Any CPU
		{19126169-350A-4844-BE1A-DFFC86052699}.Release|Any CPU.ActiveCfg = Release|Any CPU
		{19126169-350A-4844-BE1A-DFFC86052699}.Release|Any CPU.Build.0 = Release|Any CPU
	EndGlobalSection
	GlobalSection(SolutionProperties) = preSolution
		HideSolutionNode = FALSE
	EndGlobalSection
	GlobalSection(ExtensibilityGlobals) = postSolution
		SolutionGuid = {81D46A71-DCB5-4CDD-881A-1E4125C8D1AC}
	EndGlobalSection
EndGlobal
