
Microsoft Visual Studio Solution File, Format Version 12.00
# Visual Studio Version 16
VisualStudioVersion = 16.0.31624.102
MinimumVisualStudioVersion = 10.0.40219.1
Project("{FAE04EC0-301F-11D3-BF4B-00C04F79EFBC}") = "Fajlkezeles", "Fajlkezeles\Fajlkezeles.csproj", "{F2537E89-E006-44F5-969E-917F8C229E67}"
EndProject
Project("{FAE04EC0-301F-11D3-BF4B-00C04F79EFBC}") = "FajlkezelesUsing", "FajlkezelesUsing\FajlkezelesUsing.csproj", "{C6B1A980-AC17-4D0B-982A-17FA548BADCC}"
EndProject
Project("{FAE04EC0-301F-11D3-BF4B-00C04F79EFBC}") = "ReadAllLines", "ReadAllLines\ReadAllLines.csproj", "{A5B7E78D-2013-475E-9A83-8C8987341E0B}"
EndProject
Global
	GlobalSection(SolutionConfigurationPlatforms) = preSolution
		Debug|Any CPU = Debug|Any CPU
		Release|Any CPU = Release|Any CPU
	EndGlobalSection
	GlobalSection(ProjectConfigurationPlatforms) = postSolution
		{F2537E89-E006-44F5-969E-917F8C229E67}.Debug|Any CPU.ActiveCfg = Debug|Any CPU
		{F2537E89-E006-44F5-969E-917F8C229E67}.Debug|Any CPU.Build.0 = Debug|Any CPU
		{F2537E89-E006-44F5-969E-917F8C229E67}.Release|Any CPU.ActiveCfg = Release|Any CPU
		{F2537E89-E006-44F5-969E-917F8C229E67}.Release|Any CPU.Build.0 = Release|Any CPU
		{C6B1A980-AC17-4D0B-982A-17FA548BADCC}.Debug|Any CPU.ActiveCfg = Debug|Any CPU
		{C6B1A980-AC17-4D0B-982A-17FA548BADCC}.Debug|Any CPU.Build.0 = Debug|Any CPU
		{C6B1A980-AC17-4D0B-982A-17FA548BADCC}.Release|Any CPU.ActiveCfg = Release|Any CPU
		{C6B1A980-AC17-4D0B-982A-17FA548BADCC}.Release|Any CPU.Build.0 = Release|Any CPU
		{A5B7E78D-2013-475E-9A83-8C8987341E0B}.Debug|Any CPU.ActiveCfg = Debug|Any CPU
		{A5B7E78D-2013-475E-9A83-8C8987341E0B}.Debug|Any CPU.Build.0 = Debug|Any CPU
		{A5B7E78D-2013-475E-9A83-8C8987341E0B}.Release|Any CPU.ActiveCfg = Release|Any CPU
		{A5B7E78D-2013-475E-9A83-8C8987341E0B}.Release|Any CPU.Build.0 = Release|Any CPU
	EndGlobalSection
	GlobalSection(SolutionProperties) = preSolution
		HideSolutionNode = FALSE
	EndGlobalSection
	GlobalSection(ExtensibilityGlobals) = postSolution
		SolutionGuid = {18AF232D-EC0E-40E1-9F88-9BB5095B27BB}
	EndGlobalSection
EndGlobal
