
Microsoft Visual Studio Solution File, Format Version 12.00
# Visual Studio Version 16
VisualStudioVersion = 16.0.31624.102
MinimumVisualStudioVersion = 10.0.40219.1
Project("{FAE04EC0-301F-11D3-BF4B-00C04F79EFBC}") = "Idozitok", "Idozitok\Idozitok.csproj", "{B7B82233-C58C-4038-ABA5-91281CE8D115}"
EndProject
Project("{FAE04EC0-301F-11D3-BF4B-00C04F79EFBC}") = "Idozito2", "Idozito2\Idozito2.csproj", "{8B483A10-84E9-4E9B-BAD2-993A4EDB764E}"
EndProject
Project("{FAE04EC0-301F-11D3-BF4B-00C04F79EFBC}") = "WpfSlideshow", "WpfSlideshow\WpfSlideshow.csproj", "{2155269E-D74A-4993-87DE-B5984B59EC74}"
EndProject
Global
	GlobalSection(SolutionConfigurationPlatforms) = preSolution
		Debug|Any CPU = Debug|Any CPU
		Release|Any CPU = Release|Any CPU
	EndGlobalSection
	GlobalSection(ProjectConfigurationPlatforms) = postSolution
		{B7B82233-C58C-4038-ABA5-91281CE8D115}.Debug|Any CPU.ActiveCfg = Debug|Any CPU
		{B7B82233-C58C-4038-ABA5-91281CE8D115}.Debug|Any CPU.Build.0 = Debug|Any CPU
		{B7B82233-C58C-4038-ABA5-91281CE8D115}.Release|Any CPU.ActiveCfg = Release|Any CPU
		{B7B82233-C58C-4038-ABA5-91281CE8D115}.Release|Any CPU.Build.0 = Release|Any CPU
		{8B483A10-84E9-4E9B-BAD2-993A4EDB764E}.Debug|Any CPU.ActiveCfg = Debug|Any CPU
		{8B483A10-84E9-4E9B-BAD2-993A4EDB764E}.Debug|Any CPU.Build.0 = Debug|Any CPU
		{8B483A10-84E9-4E9B-BAD2-993A4EDB764E}.Release|Any CPU.ActiveCfg = Release|Any CPU
		{8B483A10-84E9-4E9B-BAD2-993A4EDB764E}.Release|Any CPU.Build.0 = Release|Any CPU
		{2155269E-D74A-4993-87DE-B5984B59EC74}.Debug|Any CPU.ActiveCfg = Debug|Any CPU
		{2155269E-D74A-4993-87DE-B5984B59EC74}.Debug|Any CPU.Build.0 = Debug|Any CPU
		{2155269E-D74A-4993-87DE-B5984B59EC74}.Release|Any CPU.ActiveCfg = Release|Any CPU
		{2155269E-D74A-4993-87DE-B5984B59EC74}.Release|Any CPU.Build.0 = Release|Any CPU
	EndGlobalSection
	GlobalSection(SolutionProperties) = preSolution
		HideSolutionNode = FALSE
	EndGlobalSection
	GlobalSection(ExtensibilityGlobals) = postSolution
		SolutionGuid = {AAD99E0B-6392-4DEE-937F-64C97ED52203}
	EndGlobalSection
EndGlobal
