
Microsoft Visual Studio Solution File, Format Version 12.00
# Visual Studio Version 16
VisualStudioVersion = 16.0.31624.102
MinimumVisualStudioVersion = 10.0.40219.1
Project("{FAE04EC0-301F-11D3-BF4B-00C04F79EFBC}") = "WpfKutyakEF", "WpfKutyakEF\WpfKutyakEF.csproj", "{8689CA8D-DC08-4B49-9EE9-8E1C8029195F}"
EndProject
Global
	GlobalSection(SolutionConfigurationPlatforms) = preSolution
		Debug|Any CPU = Debug|Any CPU
		Release|Any CPU = Release|Any CPU
	EndGlobalSection
	GlobalSection(ProjectConfigurationPlatforms) = postSolution
		{8689CA8D-DC08-4B49-9EE9-8E1C8029195F}.Debug|Any CPU.ActiveCfg = Debug|Any CPU
		{8689CA8D-DC08-4B49-9EE9-8E1C8029195F}.Debug|Any CPU.Build.0 = Debug|Any CPU
		{8689CA8D-DC08-4B49-9EE9-8E1C8029195F}.Release|Any CPU.ActiveCfg = Release|Any CPU
		{8689CA8D-DC08-4B49-9EE9-8E1C8029195F}.Release|Any CPU.Build.0 = Release|Any CPU
	EndGlobalSection
	GlobalSection(SolutionProperties) = preSolution
		HideSolutionNode = FALSE
	EndGlobalSection
	GlobalSection(ExtensibilityGlobals) = postSolution
		SolutionGuid = {AEA41EA8-1338-43DD-AA17-800DC0DE5272}
	EndGlobalSection
EndGlobal
