
Microsoft Visual Studio Solution File, Format Version 12.00
# Visual Studio Version 16
VisualStudioVersion = 16.0.31624.102
MinimumVisualStudioVersion = 10.0.40219.1
Project("{FAE04EC0-301F-11D3-BF4B-00C04F79EFBC}") = "WpfQrCode", "WpfQrCode\WpfQrCode.csproj", "{2AC6ACE0-4E24-4A18-B455-3ED1F7CDC7B5}"
EndProject
Global
	GlobalSection(SolutionConfigurationPlatforms) = preSolution
		Debug|Any CPU = Debug|Any CPU
		Release|Any CPU = Release|Any CPU
	EndGlobalSection
	GlobalSection(ProjectConfigurationPlatforms) = postSolution
		{2AC6ACE0-4E24-4A18-B455-3ED1F7CDC7B5}.Debug|Any CPU.ActiveCfg = Debug|Any CPU
		{2AC6ACE0-4E24-4A18-B455-3ED1F7CDC7B5}.Debug|Any CPU.Build.0 = Debug|Any CPU
		{2AC6ACE0-4E24-4A18-B455-3ED1F7CDC7B5}.Release|Any CPU.ActiveCfg = Release|Any CPU
		{2AC6ACE0-4E24-4A18-B455-3ED1F7CDC7B5}.Release|Any CPU.Build.0 = Release|Any CPU
	EndGlobalSection
	GlobalSection(SolutionProperties) = preSolution
		HideSolutionNode = FALSE
	EndGlobalSection
	GlobalSection(ExtensibilityGlobals) = postSolution
		SolutionGuid = {D733E48F-9C21-4467-89D0-122EF52215F4}
	EndGlobalSection
EndGlobal
