
Microsoft Visual Studio Solution File, Format Version 12.00
# Visual Studio Version 16
VisualStudioVersion = 16.0.31624.102
MinimumVisualStudioVersion = 10.0.40219.1
Project("{FAE04EC0-301F-11D3-BF4B-00C04F79EFBC}") = "Fuggvenyek", "Fuggvenyek\Fuggvenyek.csproj", "{DFB2B65A-10AC-419F-BD59-BCEB5D930AF4}"
EndProject
Project("{FAE04EC0-301F-11D3-BF4B-00C04F79EFBC}") = "Functions", "Functions\Functions.csproj", "{87D02DE6-8C24-4A9E-9706-B47A45B391CE}"
EndProject
Global
	GlobalSection(SolutionConfigurationPlatforms) = preSolution
		Debug|Any CPU = Debug|Any CPU
		Release|Any CPU = Release|Any CPU
	EndGlobalSection
	GlobalSection(ProjectConfigurationPlatforms) = postSolution
		{DFB2B65A-10AC-419F-BD59-BCEB5D930AF4}.Debug|Any CPU.ActiveCfg = Debug|Any CPU
		{DFB2B65A-10AC-419F-BD59-BCEB5D930AF4}.Debug|Any CPU.Build.0 = Debug|Any CPU
		{DFB2B65A-10AC-419F-BD59-BCEB5D930AF4}.Release|Any CPU.ActiveCfg = Release|Any CPU
		{DFB2B65A-10AC-419F-BD59-BCEB5D930AF4}.Release|Any CPU.Build.0 = Release|Any CPU
		{87D02DE6-8C24-4A9E-9706-B47A45B391CE}.Debug|Any CPU.ActiveCfg = Debug|Any CPU
		{87D02DE6-8C24-4A9E-9706-B47A45B391CE}.Debug|Any CPU.Build.0 = Debug|Any CPU
		{87D02DE6-8C24-4A9E-9706-B47A45B391CE}.Release|Any CPU.ActiveCfg = Release|Any CPU
		{87D02DE6-8C24-4A9E-9706-B47A45B391CE}.Release|Any CPU.Build.0 = Release|Any CPU
	EndGlobalSection
	GlobalSection(SolutionProperties) = preSolution
		HideSolutionNode = FALSE
	EndGlobalSection
	GlobalSection(ExtensibilityGlobals) = postSolution
		SolutionGuid = {9351BAB1-BE8F-46E3-9989-980AAAE37ECD}
	EndGlobalSection
EndGlobal
